{
  "name": "slap-client",
  "version": "0.0.0",
  "lockfileVersion": 3,
  "requires": true,
  "packages": {
    "": {
      "name": "slap-client",
      "version": "0.0.0",
      "dependencies": {
        "react": "^19.1.1",
        "react-dom": "^19.1.1",
        "socket.io-client": "^4.8.1"
      },
      "devDependencies": {
        "@types/react": "^19.1.13",
        "@types/react-dom": "^19.1.9",
        "@vitejs/plugin-react": "^5.0.4",
        "typescript": "^5.9.2",
        "vite": "^7.1.7"
      }
    }
  }
}
